
Microsoft Visual Studio Solution File, Format Version 12.00
# Visual Studio Version 17
VisualStudioVersion = 17.10.35027.167
MinimumVisualStudioVersion = 10.0.40219.1
Project("{FAE04EC0-301F-11D3-BF4B-00C04F79EFBC}") = "net_projcet", "net_projcet\net_projcet.csproj", "{B0297F58-2202-453E-BD77-525605B485F8}"
EndProject
Global
	GlobalSection(SolutionConfigurationPlatforms) = preSolution
		Debug|Any CPU = Debug|Any CPU
		Release|Any CPU = Release|Any CPU
	EndGlobalSection
	GlobalSection(ProjectConfigurationPlatforms) = postSolution
		{B0297F58-2202-453E-BD77-525605B485F8}.Debug|Any CPU.ActiveCfg = Debug|Any CPU
		{B0297F58-2202-453E-BD77-525605B485F8}.Debug|Any CPU.Build.0 = Debug|Any CPU
		{B0297F58-2202-453E-BD77-525605B485F8}.Release|Any CPU.ActiveCfg = Release|Any CPU
		{B0297F58-2202-453E-BD77-525605B485F8}.Release|Any CPU.Build.0 = Release|Any CPU
	EndGlobalSection
	GlobalSection(SolutionProperties) = preSolution
		HideSolutionNode = FALSE
	EndGlobalSection
	GlobalSection(ExtensibilityGlobals) = postSolution
		SolutionGuid = {CAAD7E30-9622-4C62-9105-2482BBF856E0}
	EndGlobalSection
EndGlobal
